// !$*UTF8*$!
{
	archiveVersion = 1;
	classes = {
	};
	objectVersion = 50;
	objects = {

/* Begin PBXBuildFile section */
		AA8EAD8220CEC067000F2640 /* AppDelegate.m in Sources */ = {isa = PBXBuildFile; fileRef = AA8EAD8120CEC067000F2640 /* AppDelegate.m */; };
		AA8EAD8A20CEC068000F2640 /* Assets.xcassets in Resources */ = {isa = PBXBuildFile; fileRef = AA8EAD8920CEC068000F2640 /* Assets.xcassets */; };
		AA8EAD8D20CEC068000F2640 /* LaunchScreen.storyboard in Resources */ = {isa = PBXBuildFile; fileRef = AA8EAD8B20CEC068000F2640 /* LaunchScreen.storyboard */; };
		AA8EAD9020CEC068000F2640 /* main.m in Sources */ = {isa = PBXBuildFile; fileRef = AA8EAD8F20CEC068000F2640 /* main.m */; };
		AA8EAD9A20CEC10C000F2640 /* Login.storyboard in Resources */ = {isa = PBXBuildFile; fileRef = AA8EAD9920CEC10C000F2640 /* Login.storyboard */; };
		AA8EAD9D20CEC15B000F2640 /* FirstViewController.m in Sources */ = {isa = PBXBuildFile; fileRef = AA8EAD9C20CEC15B000F2640 /* FirstViewController.m */; };
		AA8EADA020CEC512000F2640 /* SecondViewController.m in Sources */ = {isa = PBXBuildFile; fileRef = AA8EAD9F20CEC512000F2640 /* SecondViewController.m */; };
/* End PBXBuildFile section */

/* Begin PBXFileReference section */
		AA8EAD7D20CEC067000F2640 /* RealApp2.app */ = {isa = PBXFileReference; explicitFileType = wrapper.application; includeInIndex = 0; path = RealApp2.app; sourceTree = BUILT_PRODUCTS_DIR; };
		AA8EAD8020CEC067000F2640 /* AppDelegate.h */ = {isa = PBXFileReference; lastKnownFileType = sourcecode.c.h; path = AppDelegate.h; sourceTree = "<group>"; };
		AA8EAD8120CEC067000F2640 /* AppDelegate.m */ = {isa = PBXFileReference; lastKnownFileType = sourcecode.c.objc; path = AppDelegate.m; sourceTree = "<group>"; };
		AA8EAD8920CEC068000F2640 /* Assets.xcassets */ = {isa = PBXFileReference; lastKnownFileType = folder.assetcatalog; path = Assets.xcassets; sourceTree = "<group>"; };
		AA8EAD8C20CEC068000F2640 /* Base */ = {isa = PBXFileReference; lastKnownFileType = file.storyboard; name = Base; path = Base.lproj/LaunchScreen.storyboard; sourceTree = "<group>"; };
		AA8EAD8E20CEC068000F2640 /* Info.plist */ = {isa = PBXFileReference; lastKnownFileType = text.plist.xml; path = Info.plist; sourceTree = "<group>"; };
		AA8EAD8F20CEC068000F2640 /* main.m */ = {isa = PBXFileReference; lastKnownFileType = sourcecode.c.objc; path = main.m; sourceTree = "<group>"; };
		AA8EAD9920CEC10C000F2640 /* Login.storyboard */ = {isa = PBXFileReference; lastKnownFileType = file.storyboard; path = Login.storyboard; sourceTree = "<group>"; };
		AA8EAD9B20CEC15B000F2640 /* FirstViewController.h */ = {isa = PBXFileReference; lastKnownFileType = sourcecode.c.h; path = FirstViewController.h; sourceTree = "<group>"; };
		AA8EAD9C20CEC15B000F2640 /* FirstViewController.m */ = {isa = PBXFileReference; lastKnownFileType = sourcecode.c.objc; path = FirstViewController.m; sourceTree = "<group>"; };
		AA8EAD9E20CEC512000F2640 /* SecondViewController.h */ = {isa = PBXFileReference; lastKnownFileType = sourcecode.c.h; path = SecondViewController.h; sourceTree = "<group>"; };
		AA8EAD9F20CEC512000F2640 /* SecondViewController.m */ = {isa = PBXFileReference; lastKnownFileType = sourcecode.c.objc; path = SecondViewController.m; sourceTree = "<group>"; };
/* End PBXFileReference section */

/* Begin PBXFrameworksBuildPhase section */
		AA8EAD7A20CEC067000F2640 /* Frameworks */ = {
			isa = PBXFrameworksBuildPhase;
			buildActionMask = 2147483647;
			files = (
			);
			runOnlyForDeploymentPostprocessing = 0;
		};
/* End PBXFrameworksBuildPhase section */

/* Begin PBXGroup section */
		AA8EAD7420CEC067000F2640 = {
			isa = PBXGroup;
			children = (
				AA8EAD7F20CEC067000F2640 /* RealApp2 */,
				AA8EAD7E20CEC067000F2640 /* Products */,
			);
			sourceTree = "<group>";
		};
		AA8EAD7E20CEC067000F2640 /* Products */ = {
			isa = PBXGroup;
			children = (
				AA8EAD7D20CEC067000F2640 /* RealApp2.app */,
			);
			name = Products;
			sourceTree = "<group>";
		};
		AA8EAD7F20CEC067000F2640 /* RealApp2 */ = {
			isa = PBXGroup;
			children = (
				AA8EAD9820CEC0BB000F2640 /* Model */,
				AA8EAD9620CEC097000F2640 /* Controller */,
				AA8EAD9720CEC0AA000F2640 /* View */,
				AA8EAD8920CEC068000F2640 /* Assets.xcassets */,
				AA8EAD8E20CEC068000F2640 /* Info.plist */,
				AA8EAD8F20CEC068000F2640 /* main.m */,
			);
			path = RealApp2;
			sourceTree = "<group>";
		};
		AA8EAD9620CEC097000F2640 /* Controller */ = {
			isa = PBXGroup;
			children = (
				AA8EAD8020CEC067000F2640 /* AppDelegate.h */,
				AA8EAD8120CEC067000F2640 /* AppDelegate.m */,
				AA8EAD9B20CEC15B000F2640 /* FirstViewController.h */,
				AA8EAD9C20CEC15B000F2640 /* FirstViewController.m */,
				AA8EAD9E20CEC512000F2640 /* SecondViewController.h */,
				AA8EAD9F20CEC512000F2640 /* SecondViewController.m */,
			);
			path = Controller;
			sourceTree = "<group>";
		};
		AA8EAD9720CEC0AA000F2640 /* View */ = {
			isa = PBXGroup;
			children = (
				AA8EAD8B20CEC068000F2640 /* LaunchScreen.storyboard */,
				AA8EAD9920CEC10C000F2640 /* Login.storyboard */,
			);
			path = View;
			sourceTree = "<group>";
		};
		AA8EAD9820CEC0BB000F2640 /* Model */ = {
			isa = PBXGroup;
			children = (
			);
			path = Model;
			sourceTree = "<group>";
		};
/* End PBXGroup section */

/* Begin PBXNativeTarget section */
		AA8EAD7C20CEC067000F2640 /* RealApp2 */ = {
			isa = PBXNativeTarget;
			buildConfigurationList = AA8EAD9320CEC068000F2640 /* Build configuration list for PBXNativeTarget "RealApp2" */;
			buildPhases = (
				AA8EAD7920CEC067000F2640 /* Sources */,
				AA8EAD7A20CEC067000F2640 /* Frameworks */,
				AA8EAD7B20CEC067000F2640 /* Resources */,
			);
			buildRules = (
			);
			dependencies = (
			);
			name = RealApp2;
			productName = RealApp2;
			productReference = AA8EAD7D20CEC067000F2640 /* RealApp2.app */;
			productType = "com.apple.product-type.application";
		};
/* End PBXNativeTarget section */

/* Begin PBXProject section */
		AA8EAD7520CEC067000F2640 /* Project object */ = {
			isa = PBXProject;
			attributes = {
				LastUpgradeCheck = 0940;
				ORGANIZATIONNAME = steve;
				TargetAttributes = {
					AA8EAD7C20CEC067000F2640 = {
						CreatedOnToolsVersion = 9.4;
					};
				};
			};
			buildConfigurationList = AA8EAD7820CEC067000F2640 /* Build configuration list for PBXProject "RealApp2" */;
			compatibilityVersion = "Xcode 9.3";
			developmentRegion = en;
			hasScannedForEncodings = 0;
			knownRegions = (
				en,
				Base,
			);
			mainGroup = AA8EAD7420CEC067000F2640;
			productRefGroup = AA8EAD7E20CEC067000F2640 /* Products */;
			projectDirPath = "";
			projectRoot = "";
			targets = (
				AA8EAD7C20CEC067000F2640 /* RealApp2 */,
			);
		};
/* End PBXProject section */

/* Begin PBXResourcesBuildPhase section */
		AA8EAD7B20CEC067000F2640 /* Resources */ = {
			isa = PBXResourcesBuildPhase;
			buildActionMask = 2147483647;
			files = (
				AA8EAD8D20CEC068000F2640 /* LaunchScreen.storyboard in Resources */,
				AA8EAD8A20CEC068000F2640 /* Assets.xcassets in Resources */,
				AA8EAD9A20CEC10C000F2640 /* Login.storyboard in Resources */,
			);
			runOnlyForDeploymentPostprocessing = 0;
		};
/* End PBXResourcesBuildPhase section */

/* Begin PBXSourcesBuildPhase section */
		AA8EAD7920CEC067000F2640 /* Sources */ = {
			isa = PBXSourcesBuildPhase;
			buildActionMask = 2147483647;
			files = (
				AA8EADA020CEC512000F2640 /* SecondViewController.m in Sources */,
				AA8EAD9020CEC068000F2640 /* main.m in Sources */,
				AA8EAD9D20CEC15B000F2640 /* FirstViewController.m in Sources */,
				AA8EAD8220CEC067000F2640 /* AppDelegate.m in Sources */,
			);
			runOnlyForDeploymentPostprocessing = 0;
		};
/* End PBXSourcesBuildPhase section */

/* Begin PBXVariantGroup section */
		AA8EAD8B20CEC068000F2640 /* LaunchScreen.storyboard */ = {
			isa = PBXVariantGroup;
			children = (
				AA8EAD8C20CEC068000F2640 /* Base */,
			);
			name = LaunchScreen.storyboard;
			sourceTree = "<group>";
		};
/* End PBXVariantGroup section */

/* Begin XCBuildConfiguration section */
		AA8EAD9120CEC068000F2640 /* Debug */ = {
			isa = XCBuildConfiguration;
			buildSettings = {
				ALWAYS_SEARCH_USER_PATHS = NO;
				CLANG_ANALYZER_NONNULL = YES;
				CLANG_ANALYZER_NUMBER_OBJECT_CONVERSION = YES_AGGRESSIVE;
				CLANG_CXX_LANGUAGE_STANDARD = "gnu++14";
				CLANG_CXX_LIBRARY = "libc++";
				CLANG_ENABLE_MODULES = YES;
				CLANG_ENABLE_OBJC_ARC = YES;
				CLANG_ENABLE_OBJC_WEAK = YES;
				CLANG_WARN_BLOCK_CAPTURE_AUTORELEASING = YES;
				CLANG_WARN_BOOL_CONVERSION = YES;
				CLANG_WARN_COMMA = YES;
				CLANG_WARN_CONSTANT_CONVERSION = YES;
				CLANG_WARN_DEPRECATED_OBJC_IMPLEMENTATIONS = YES;
				CLANG_WARN_DIRECT_OBJC_ISA_USAGE = YES_ERROR;
				CLANG_WARN_DOCUMENTATION_COMMENTS = YES;
				CLANG_WARN_EMPTY_BODY = YES;
				CLANG_WARN_ENUM_CONVERSION = YES;
				CLANG_WARN_INFINITE_RECURSION = YES;
				CLANG_WARN_INT_CONVERSION = YES;
				CLANG_WARN_NON_LITERAL_NULL_CONVERSION = YES;
				CLANG_WARN_OBJC_IMPLICIT_RETAIN_SELF = YES;
				CLANG_WARN_OBJC_LITERAL_CONVERSION = YES;
				CLANG_WARN_OBJC_ROOT_CLASS = YES_ERROR;
				CLANG_WARN_RANGE_LOOP_ANALYSIS = YES;
				CLANG_WARN_STRICT_PROTOTYPES = YES;
				CLANG_WARN_SUSPICIOUS_MOVE = YES;
				CLANG_WARN_UNGUARDED_AVAILABILITY = YES_AGGRESSIVE;
				CLANG_WARN_UNREACHABLE_CODE = YES;
				CLANG_WARN__DUPLICATE_METHOD_MATCH = YES;
				CODE_SIGN_IDENTITY = "iPhone Developer";
				COPY_PHASE_STRIP = NO;
				DEBUG_INFORMATION_FORMAT = dwarf;
				ENABLE_STRICT_OBJC_MSGSEND = YES;
				ENABLE_TESTABILITY = YES;
				GCC_C_LANGUAGE_STANDARD = gnu11;
				GCC_DYNAMIC_NO_PIC = NO;
				GCC_NO_COMMON_BLOCKS = YES;
				GCC_OPTIMIZATION_LEVEL = 0;
				GCC_PREPROCESSOR_DEFINITIONS = (
					"DEBUG=1",
					"$(inherited)",
				);
				GCC_WARN_64_TO_32_BIT_CONVERSION = YES;
				GCC_WARN_ABOUT_RETURN_TYPE = YES_ERROR;
				GCC_WARN_UNDECLARED_SELECTOR = YES;
				GCC_WARN_UNINITIALIZED_AUTOS = YES_AGGRESSIVE;
				GCC_WARN_UNUSED_FUNCTION = YES;
				GCC_WARN_UNUSED_VARIABLE = YES;
				IPHONEOS_DEPLOYMENT_TARGET = 11.4;
				MTL_ENABLE_DEBUG_INFO = YES;
				ONLY_ACTIVE_ARCH = YES;
				SDKROOT = iphoneos;
			};
			name = Debug;
		};
		AA8EAD9220CEC068000F2640 /* Release */ = {
			isa = XCBuildConfiguration;
			buildSettings = {
				ALWAYS_SEARCH_USER_PATHS = NO;
				CLANG_ANALYZER_NONNULL = YES;
				CLANG_ANALYZER_NUMBER_OBJECT_CONVERSION = YES_AGGRESSIVE;
				CLANG_CXX_LANGUAGE_STANDARD = "gnu++14";
				CLANG_CXX_LIBRARY = "libc++";
				CLANG_ENABLE_MODULES = YES;
				CLANG_ENABLE_OBJC_ARC = YES;
				CLANG_ENABLE_OBJC_WEAK = YES;
				CLANG_WARN_BLOCK_CAPTURE_AUTORELEASING = YES;
				CLANG_WARN_BOOL_CONVERSION = YES;
				CLANG_WARN_COMMA = YES;
				CLANG_WARN_CONSTANT_CONVERSION = YES;
				CLANG_WARN_DEPRECATED_OBJC_IMPLEMENTATIONS = YES;
				CLANG_WARN_DIRECT_OBJC_ISA_USAGE = YES_ERROR;
				CLANG_WARN_DOCUMENTATION_COMMENTS = YES;
				CLANG_WARN_EMPTY_BODY = YES;
				CLANG_WARN_ENUM_CONVERSION = YES;
				CLANG_WARN_INFINITE_RECURSION = YES;
				CLANG_WARN_INT_CONVERSION = YES;
				CLANG_WARN_NON_LITERAL_NULL_CONVERSION = YES;
				CLANG_WARN_OBJC_IMPLICIT_RETAIN_SELF = YES;
				CLANG_WARN_OBJC_LITERAL_CONVERSION = YES;
				CLANG_WARN_OBJC_ROOT_CLASS = YES_ERROR;
				CLANG_WARN_RANGE_LOOP_ANALYSIS = YES;
				CLANG_WARN_STRICT_PROTOTYPES = YES;
				CLANG_WARN_SUSPICIOUS_MOVE = YES;
				CLANG_WARN_UNGUARDED_AVAILABILITY = YES_AGGRESSIVE;
				CLANG_WARN_UNREACHABLE_CODE = YES;
				CLANG_WARN__DUPLICATE_METHOD_MATCH = YES;
				CODE_SIGN_IDENTITY = "iPhone Developer";
				COPY_PHASE_STRIP = NO;
				DEBUG_INFORMATION_FORMAT = "dwarf-with-dsym";
				ENABLE_NS_ASSERTIONS = NO;
				ENABLE_STRICT_OBJC_MSGSEND = YES;
				GCC_C_LANGUAGE_STANDARD = gnu11;
				GCC_NO_COMMON_BLOCKS = YES;
				GCC_WARN_64_TO_32_BIT_CONVERSION = YES;
				GCC_WARN_ABOUT_RETURN_TYPE = YES_ERROR;
				GCC_WARN_UNDECLARED_SELECTOR = YES;
				GCC_WARN_UNINITIALIZED_AUTOS = YES_AGGRESSIVE;
				GCC_WARN_UNUSED_FUNCTION = YES;
				GCC_WARN_UNUSED_VARIABLE = YES;
				IPHONEOS_DEPLOYMENT_TARGET = 11.4;
				MTL_ENABLE_DEBUG_INFO = NO;
				SDKROOT = iphoneos;
				VALIDATE_PRODUCT = YES;
			};
			name = Release;
		};
		AA8EAD9420CEC068000F2640 /* Debug */ = {
			isa = XCBuildConfiguration;
			buildSettings = {
				ASSETCATALOG_COMPILER_APPICON_NAME = AppIcon;
				CODE_SIGN_STYLE = Automatic;
				DEVELOPMENT_TEAM = 6D3DA9G4XW;
				INFOPLIST_FILE = RealApp2/Info.plist;
				LD_RUNPATH_SEARCH_PATHS = (
					"$(inherited)",
					"@executable_path/Frameworks",
				);
				PRODUCT_BUNDLE_IDENTIFIER = com.cocoanutmobile.RealApp2;
				PRODUCT_NAME = "$(TARGET_NAME)";
				TARGETED_DEVICE_FAMILY = "1,2";
			};
			name = Debug;
		};
		AA8EAD9520CEC068000F2640 /* Release */ = {
			isa = XCBuildConfiguration;
			buildSettings = {
				ASSETCATALOG_COMPILER_APPICON_NAME = AppIcon;
				CODE_SIGN_STYLE = Automatic;
				DEVELOPMENT_TEAM = 6D3DA9G4XW;
				INFOPLIST_FILE = RealApp2/Info.plist;
				LD_RUNPATH_SEARCH_PATHS = (
					"$(inherited)",
					"@executable_path/Frameworks",
				);
				PRODUCT_BUNDLE_IDENTIFIER = com.cocoanutmobile.RealApp2;
				PRODUCT_NAME = "$(TARGET_NAME)";
				TARGETED_DEVICE_FAMILY = "1,2";
			};
			name = Release;
		};
/* End XCBuildConfiguration section */

/* Begin XCConfigurationList section */
		AA8EAD7820CEC067000F2640 /* Build configuration list for PBXProject "RealApp2" */ = {
			isa = XCConfigurationList;
			buildConfigurations = (
				AA8EAD9120CEC068000F2640 /* Debug */,
				AA8EAD9220CEC068000F2640 /* Release */,
			);
			defaultConfigurationIsVisible = 0;
			defaultConfigurationName = Release;
		};
		AA8EAD9320CEC068000F2640 /* Build configuration list for PBXNativeTarget "RealApp2" */ = {
			isa = XCConfigurationList;
			buildConfigurations = (
				AA8EAD9420CEC068000F2640 /* Debug */,
				AA8EAD9520CEC068000F2640 /* Release */,
			);
			defaultConfigurationIsVisible = 0;
			defaultConfigurationName = Release;
		};
/* End XCConfigurationList section */
	};
	rootObject = AA8EAD7520CEC067000F2640 /* Project object */;
}
